// !$*UTF8*$!
{
	archiveVersion = 1;
	classes = {
	};
	objectVersion = 50;
	objects = {

/* Begin PBXBuildFile section */
		50A6728226EA1BBE00BECA6E /* AppDelegate.swift in Sources */ = {isa = PBXBuildFile; fileRef = 50A6728126EA1BBE00BECA6E /* AppDelegate.swift */; };
		50A6728426EA1BBE00BECA6E /* SceneDelegate.swift in Sources */ = {isa = PBXBuildFile; fileRef = 50A6728326EA1BBE00BECA6E /* SceneDelegate.swift */; };
		50A6728626EA1BBE00BECA6E /* ViewController.swift in Sources */ = {isa = PBXBuildFile; fileRef = 50A6728526EA1BBE00BECA6E /* ViewController.swift */; };
		50A6728926EA1BBE00BECA6E /* Main.storyboard in Resources */ = {isa = PBXBuildFile; fileRef = 50A6728726EA1BBE00BECA6E /* Main.storyboard */; };
		50A6728B26EA1BC400BECA6E /* Assets.xcassets in Resources */ = {isa = PBXBuildFile; fileRef = 50A6728A26EA1BC400BECA6E /* Assets.xcassets */; };
		50A6728E26EA1BC400BECA6E /* LaunchScreen.storyboard in Resources */ = {isa = PBXBuildFile; fileRef = 50A6728C26EA1BC400BECA6E /* LaunchScreen.storyboard */; };
/* End PBXBuildFile section */

/* Begin PBXFileReference section */
		50A6727E26EA1BBE00BECA6E /* Lamp On Of.app */ = {isa = PBXFileReference; explicitFileType = wrapper.application; includeInIndex = 0; path = "Lamp On Of.app"; sourceTree = BUILT_PRODUCTS_DIR; };
		50A6728126EA1BBE00BECA6E /* AppDelegate.swift */ = {isa = PBXFileReference; lastKnownFileType = sourcecode.swift; path = AppDelegate.swift; sourceTree = "<group>"; };
		50A6728326EA1BBE00BECA6E /* SceneDelegate.swift */ = {isa = PBXFileReference; lastKnownFileType = sourcecode.swift; path = SceneDelegate.swift; sourceTree = "<group>"; };
		50A6728526EA1BBE00BECA6E /* ViewController.swift */ = {isa = PBXFileReference; lastKnownFileType = sourcecode.swift; path = ViewController.swift; sourceTree = "<group>"; };
		50A6728826EA1BBE00BECA6E /* Base */ = {isa = PBXFileReference; lastKnownFileType = file.storyboard; name = Base; path = Base.lproj/Main.storyboard; sourceTree = "<group>"; };
		50A6728A26EA1BC400BECA6E /* Assets.xcassets */ = {isa = PBXFileReference; lastKnownFileType = folder.assetcatalog; path = Assets.xcassets; sourceTree = "<group>"; };
		50A6728D26EA1BC400BECA6E /* Base */ = {isa = PBXFileReference; lastKnownFileType = file.storyboard; name = Base; path = Base.lproj/LaunchScreen.storyboard; sourceTree = "<group>"; };
		50A6728F26EA1BC400BECA6E /* Info.plist */ = {isa = PBXFileReference; lastKnownFileType = text.plist.xml; path = Info.plist; sourceTree = "<group>"; };
/* End PBXFileReference section */

/* Begin PBXFrameworksBuildPhase section */
		50A6727B26EA1BBD00BECA6E /* Frameworks */ = {
			isa = PBXFrameworksBuildPhase;
			buildActionMask = 2147483647;
			files = (
			);
			runOnlyForDeploymentPostprocessing = 0;
		};
/* End PBXFrameworksBuildPhase section */

/* Begin PBXGroup section */
		50A6727526EA1BBD00BECA6E = {
			isa = PBXGroup;
			children = (
				50A6728026EA1BBE00BECA6E /* Lamp On Of */,
				50A6727F26EA1BBE00BECA6E /* Products */,
			);
			sourceTree = "<group>";
		};
		50A6727F26EA1BBE00BECA6E /* Products */ = {
			isa = PBXGroup;
			children = (
				50A6727E26EA1BBE00BECA6E /* Lamp On Of.app */,
			);
			name = Products;
			sourceTree = "<group>";
		};
		50A6728026EA1BBE00BECA6E /* Lamp On Of */ = {
			isa = PBXGroup;
			children = (
				50A6728126EA1BBE00BECA6E /* AppDelegate.swift */,
				50A6728326EA1BBE00BECA6E /* SceneDelegate.swift */,
				50A6728526EA1BBE00BECA6E /* ViewController.swift */,
				50A6728726EA1BBE00BECA6E /* Main.storyboard */,
				50A6728A26EA1BC400BECA6E /* Assets.xcassets */,
				50A6728C26EA1BC400BECA6E /* LaunchScreen.storyboard */,
				50A6728F26EA1BC400BECA6E /* Info.plist */,
			);
			path = "Lamp On Of";
			sourceTree = "<group>";
		};
/* End PBXGroup section */

/* Begin PBXNativeTarget section */
		50A6727D26EA1BBD00BECA6E /* Lamp On Of */ = {
			isa = PBXNativeTarget;
			buildConfigurationList = 50A6729226EA1BC400BECA6E /* Build configuration list for PBXNativeTarget "Lamp On Of" */;
			buildPhases = (
				50A6727A26EA1BBD00BECA6E /* Sources */,
				50A6727B26EA1BBD00BECA6E /* Frameworks */,
				50A6727C26EA1BBD00BECA6E /* Resources */,
			);
			buildRules = (
			);
			dependencies = (
			);
			name = "Lamp On Of";
			productName = "Lamp On Of";
			productReference = 50A6727E26EA1BBE00BECA6E /* Lamp On Of.app */;
			productType = "com.apple.product-type.application";
		};
/* End PBXNativeTarget section */

/* Begin PBXProject section */
		50A6727626EA1BBD00BECA6E /* Project object */ = {
			isa = PBXProject;
			attributes = {
				LastSwiftUpdateCheck = 1250;
				LastUpgradeCheck = 1250;
				TargetAttributes = {
					50A6727D26EA1BBD00BECA6E = {
						CreatedOnToolsVersion = 12.5.1;
					};
				};
			};
			buildConfigurationList = 50A6727926EA1BBD00BECA6E /* Build configuration list for PBXProject "Lamp On Of" */;
			compatibilityVersion = "Xcode 9.3";
			developmentRegion = en;
			hasScannedForEncodings = 0;
			knownRegions = (
				en,
				Base,
			);
			mainGroup = 50A6727526EA1BBD00BECA6E;
			productRefGroup = 50A6727F26EA1BBE00BECA6E /* Products */;
			projectDirPath = "";
			projectRoot = "";
			targets = (
				50A6727D26EA1BBD00BECA6E /* Lamp On Of */,
			);
		};
/* End PBXProject section */

/* Begin PBXResourcesBuildPhase section */
		50A6727C26EA1BBD00BECA6E /* Resources */ = {
			isa = PBXResourcesBuildPhase;
			buildActionMask = 2147483647;
			files = (
				50A6728E26EA1BC400BECA6E /* LaunchScreen.storyboard in Resources */,
				50A6728B26EA1BC400BECA6E /* Assets.xcassets in Resources */,
				50A6728926EA1BBE00BECA6E /* Main.storyboard in Resources */,
			);
			runOnlyForDeploymentPostprocessing = 0;
		};
/* End PBXResourcesBuildPhase section */

/* Begin PBXSourcesBuildPhase section */
		50A6727A26EA1BBD00BECA6E /* Sources */ = {
			isa = PBXSourcesBuildPhase;
			buildActionMask = 2147483647;
			files = (
				50A6728626EA1BBE00BECA6E /* ViewController.swift in Sources */,
				50A6728226EA1BBE00BECA6E /* AppDelegate.swift in Sources */,
				50A6728426EA1BBE00BECA6E /* SceneDelegate.swift in Sources */,
			);
			runOnlyForDeploymentPostprocessing = 0;
		};
/* End PBXSourcesBuildPhase section */

/* Begin PBXVariantGroup section */
		50A6728726EA1BBE00BECA6E /* Main.storyboard */ = {
			isa = PBXVariantGroup;
			children = (
				50A6728826EA1BBE00BECA6E /* Base */,
			);
			name = Main.storyboard;
			sourceTree = "<group>";
		};
		50A6728C26EA1BC400BECA6E /* LaunchScreen.storyboard */ = {
			isa = PBXVariantGroup;
			children = (
				50A6728D26EA1BC400BECA6E /* Base */,
			);
			name = LaunchScreen.storyboard;
			sourceTree = "<group>";
		};
/* End PBXVariantGroup section */

/* Begin XCBuildConfiguration section */
		50A6729026EA1BC400BECA6E /* Debug */ = {
			isa = XCBuildConfiguration;
			buildSettings = {
				ALWAYS_SEARCH_USER_PATHS = NO;
				CLANG_ANALYZER_NONNULL = YES;
				CLANG_ANALYZER_NUMBER_OBJECT_CONVERSION = YES_AGGRESSIVE;
				CLANG_CXX_LANGUAGE_STANDARD = "gnu++14";
				CLANG_CXX_LIBRARY = "libc++";
				CLANG_ENABLE_MODULES = YES;
				CLANG_ENABLE_OBJC_ARC = YES;
				CLANG_ENABLE_OBJC_WEAK = YES;
				CLANG_WARN_BLOCK_CAPTURE_AUTORELEASING = YES;
				CLANG_WARN_BOOL_CONVERSION = YES;
				CLANG_WARN_COMMA = YES;
				CLANG_WARN_CONSTANT_CONVERSION = YES;
				CLANG_WARN_DEPRECATED_OBJC_IMPLEMENTATIONS = YES;
				CLANG_WARN_DIRECT_OBJC_ISA_USAGE = YES_ERROR;
				CLANG_WARN_DOCUMENTATION_COMMENTS = YES;
				CLANG_WARN_EMPTY_BODY = YES;
				CLANG_WARN_ENUM_CONVERSION = YES;
				CLANG_WARN_INFINITE_RECURSION = YES;
				CLANG_WARN_INT_CONVERSION = YES;
				CLANG_WARN_NON_LITERAL_NULL_CONVERSION = YES;
				CLANG_WARN_OBJC_IMPLICIT_RETAIN_SELF = YES;
				CLANG_WARN_OBJC_LITERAL_CONVERSION = YES;
				CLANG_WARN_OBJC_ROOT_CLASS = YES_ERROR;
				CLANG_WARN_QUOTED_INCLUDE_IN_FRAMEWORK_HEADER = YES;
				CLANG_WARN_RANGE_LOOP_ANALYSIS = YES;
				CLANG_WARN_STRICT_PROTOTYPES = YES;
				CLANG_WARN_SUSPICIOUS_MOVE = YES;
				CLANG_WARN_UNGUARDED_AVAILABILITY = YES_AGGRESSIVE;
				CLANG_WARN_UNREACHABLE_CODE = YES;
				CLANG_WARN__DUPLICATE_METHOD_MATCH = YES;
				COPY_PHASE_STRIP = NO;
				DEBUG_INFORMATION_FORMAT = dwarf;
				ENABLE_STRICT_OBJC_MSGSEND = YES;
				ENABLE_TESTABILITY = YES;
				GCC_C_LANGUAGE_STANDARD = gnu11;
				GCC_DYNAMIC_NO_PIC = NO;
				GCC_NO_COMMON_BLOCKS = YES;
				GCC_OPTIMIZATION_LEVEL = 0;
				GCC_PREPROCESSOR_DEFINITIONS = (
					"DEBUG=1",
					"$(inherited)",
				);
				GCC_WARN_64_TO_32_BIT_CONVERSION = YES;
				GCC_WARN_ABOUT_RETURN_TYPE = YES_ERROR;
				GCC_WARN_UNDECLARED_SELECTOR = YES;
				GCC_WARN_UNINITIALIZED_AUTOS = YES_AGGRESSIVE;
				GCC_WARN_UNUSED_FUNCTION = YES;
				GCC_WARN_UNUSED_VARIABLE = YES;
				IPHONEOS_DEPLOYMENT_TARGET = 14.5;
				MTL_ENABLE_DEBUG_INFO = INCLUDE_SOURCE;
				MTL_FAST_MATH = YES;
				ONLY_ACTIVE_ARCH = YES;
				SDKROOT = iphoneos;
				SWIFT_ACTIVE_COMPILATION_CONDITIONS = DEBUG;
				SWIFT_OPTIMIZATION_LEVEL = "-Onone";
			};
			name = Debug;
		};
		50A6729126EA1BC400BECA6E /* Release */ = {
			isa = XCBuildConfiguration;
			buildSettings = {
				ALWAYS_SEARCH_USER_PATHS = NO;
				CLANG_ANALYZER_NONNULL = YES;
				CLANG_ANALYZER_NUMBER_OBJECT_CONVERSION = YES_AGGRESSIVE;
				CLANG_CXX_LANGUAGE_STANDARD = "gnu++14";
				CLANG_CXX_LIBRARY = "libc++";
				CLANG_ENABLE_MODULES = YES;
				CLANG_ENABLE_OBJC_ARC = YES;
				CLANG_ENABLE_OBJC_WEAK = YES;
				CLANG_WARN_BLOCK_CAPTURE_AUTORELEASING = YES;
				CLANG_WARN_BOOL_CONVERSION = YES;
				CLANG_WARN_COMMA = YES;
				CLANG_WARN_CONSTANT_CONVERSION = YES;
				CLANG_WARN_DEPRECATED_OBJC_IMPLEMENTATIONS = YES;
				CLANG_WARN_DIRECT_OBJC_ISA_USAGE = YES_ERROR;
				CLANG_WARN_DOCUMENTATION_COMMENTS = YES;
				CLANG_WARN_EMPTY_BODY = YES;
				CLANG_WARN_ENUM_CONVERSION = YES;
				CLANG_WARN_INFINITE_RECURSION = YES;
				CLANG_WARN_INT_CONVERSION = YES;
				CLANG_WARN_NON_LITERAL_NULL_CONVERSION = YES;
				CLANG_WARN_OBJC_IMPLICIT_RETAIN_SELF = YES;
				CLANG_WARN_OBJC_LITERAL_CONVERSION = YES;
				CLANG_WARN_OBJC_ROOT_CLASS = YES_ERROR;
				CLANG_WARN_QUOTED_INCLUDE_IN_FRAMEWORK_HEADER = YES;
				CLANG_WARN_RANGE_LOOP_ANALYSIS = YES;
				CLANG_WARN_STRICT_PROTOTYPES = YES;
				CLANG_WARN_SUSPICIOUS_MOVE = YES;
				CLANG_WARN_UNGUARDED_AVAILABILITY = YES_AGGRESSIVE;
				CLANG_WARN_UNREACHABLE_CODE = YES;
				CLANG_WARN__DUPLICATE_METHOD_MATCH = YES;
				COPY_PHASE_STRIP = NO;
				DEBUG_INFORMATION_FORMAT = "dwarf-with-dsym";
				ENABLE_NS_ASSERTIONS = NO;
				ENABLE_STRICT_OBJC_MSGSEND = YES;
				GCC_C_LANGUAGE_STANDARD = gnu11;
				GCC_NO_COMMON_BLOCKS = YES;
				GCC_WARN_64_TO_32_BIT_CONVERSION = YES;
				GCC_WARN_ABOUT_RETURN_TYPE = YES_ERROR;
				GCC_WARN_UNDECLARED_SELECTOR = YES;
				GCC_WARN_UNINITIALIZED_AUTOS = YES_AGGRESSIVE;
				GCC_WARN_UNUSED_FUNCTION = YES;
				GCC_WARN_UNUSED_VARIABLE = YES;
				IPHONEOS_DEPLOYMENT_TARGET = 14.5;
				MTL_ENABLE_DEBUG_INFO = NO;
				MTL_FAST_MATH = YES;
				SDKROOT = iphoneos;
				SWIFT_COMPILATION_MODE = wholemodule;
				SWIFT_OPTIMIZATION_LEVEL = "-O";
				VALIDATE_PRODUCT = YES;
			};
			name = Release;
		};
		50A6729326EA1BC400BECA6E /* Debug */ = {
			isa = XCBuildConfiguration;
			buildSettings = {
				ASSETCATALOG_COMPILER_APPICON_NAME = AppIcon;
				ASSETCATALOG_COMPILER_GLOBAL_ACCENT_COLOR_NAME = AccentColor;
				CODE_SIGN_STYLE = Automatic;
				INFOPLIST_FILE = "Lamp On Of/Info.plist";
				LD_RUNPATH_SEARCH_PATHS = (
					"$(inherited)",
					"@executable_path/Frameworks",
				);
				PRODUCT_BUNDLE_IDENTIFIER = "grafon100.Lamp-On-Of";
				PRODUCT_NAME = "$(TARGET_NAME)";
				SWIFT_VERSION = 5.0;
				TARGETED_DEVICE_FAMILY = "1,2";
			};
			name = Debug;
		};
		50A6729426EA1BC400BECA6E /* Release */ = {
			isa = XCBuildConfiguration;
			buildSettings = {
				ASSETCATALOG_COMPILER_APPICON_NAME = AppIcon;
				ASSETCATALOG_COMPILER_GLOBAL_ACCENT_COLOR_NAME = AccentColor;
				CODE_SIGN_STYLE = Automatic;
				INFOPLIST_FILE = "Lamp On Of/Info.plist";
				LD_RUNPATH_SEARCH_PATHS = (
					"$(inherited)",
					"@executable_path/Frameworks",
				);
				PRODUCT_BUNDLE_IDENTIFIER = "grafon100.Lamp-On-Of";
				PRODUCT_NAME = "$(TARGET_NAME)";
				SWIFT_VERSION = 5.0;
				TARGETED_DEVICE_FAMILY = "1,2";
			};
			name = Release;
		};
/* End XCBuildConfiguration section */

/* Begin XCConfigurationList section */
		50A6727926EA1BBD00BECA6E /* Build configuration list for PBXProject "Lamp On Of" */ = {
			isa = XCConfigurationList;
			buildConfigurations = (
				50A6729026EA1BC400BECA6E /* Debug */,
				50A6729126EA1BC400BECA6E /* Release */,
			);
			defaultConfigurationIsVisible = 0;
			defaultConfigurationName = Release;
		};
		50A6729226EA1BC400BECA6E /* Build configuration list for PBXNativeTarget "Lamp On Of" */ = {
			isa = XCConfigurationList;
			buildConfigurations = (
				50A6729326EA1BC400BECA6E /* Debug */,
				50A6729426EA1BC400BECA6E /* Release */,
			);
			defaultConfigurationIsVisible = 0;
			defaultConfigurationName = Release;
		};
/* End XCConfigurationList section */
	};
	rootObject = 50A6727626EA1BBD00BECA6E /* Project object */;
}
